
Microsoft Visual Studio Solution File, Format Version 12.00
# Visual Studio Version 16
VisualStudioVersion = 16.0.30330.147
MinimumVisualStudioVersion = 10.0.40219.1
Project("{FAE04EC0-301F-11D3-BF4B-00C04F79EFBC}") = "GIWEB", "GIWEB\GIWEB.csproj", "{911A1BA5-D258-4307-B6BC-50AB8A74CE0D}"
EndProject
Global
	GlobalSection(SolutionConfigurationPlatforms) = preSolution
		Debug|Any CPU = Debug|Any CPU
		Release|Any CPU = Release|Any CPU
	EndGlobalSection
	GlobalSection(ProjectConfigurationPlatforms) = postSolution
		{911A1BA5-D258-4307-B6BC-50AB8A74CE0D}.Debug|Any CPU.ActiveCfg = Debug|Any CPU
		{911A1BA5-D258-4307-B6BC-50AB8A74CE0D}.Debug|Any CPU.Build.0 = Debug|Any CPU
		{911A1BA5-D258-4307-B6BC-50AB8A74CE0D}.Release|Any CPU.ActiveCfg = Release|Any CPU
		{911A1BA5-D258-4307-B6BC-50AB8A74CE0D}.Release|Any CPU.Build.0 = Release|Any CPU
	EndGlobalSection
	GlobalSection(SolutionProperties) = preSolution
		HideSolutionNode = FALSE
	EndGlobalSection
	GlobalSection(ExtensibilityGlobals) = postSolution
		SolutionGuid = {CCA292EF-437D-4DBC-A000-3D6FD4EA07D9}
	EndGlobalSection
EndGlobal
